# This file is automatically @generated by Cargo.
# It is not intended for manual editing.
version = 4

[[package]]
name = "psychohistory-cli"
version = "0.1.0"

[[package]]
name = "psychohistory-core"
version = "0.1.0"

[[package]]
name = "psychohistory-demog"
version = "0.1.0"

[[package]]
name = "psychohistory-econ"
version = "0.1.0"

[[package]]
name = "psychohistory-gov"
version = "0.1.0"

[[package]]
name = "psychohistory-lab"
version = "0.1.0"

[[package]]
name = "psychohistory-models"
version = "0.1.0"
